
Microsoft Visual Studio Solution File, Format Version 12.00
# Visual Studio Version 17
VisualStudioVersion = 17.14.36401.2 d17.14
MinimumVisualStudioVersion = 10.0.40219.1
Project("{FAE04EC0-301F-11D3-BF4B-00C04F79EFBC}") = "DB_connection", "DB_connection\DB_connection.csproj", "{A0008BBC-F358-45EC-A53C-D5AF6E8C1456}"
EndProject
Global
	GlobalSection(SolutionConfigurationPlatforms) = preSolution
		Debug|Any CPU = Debug|Any CPU
		Release|Any CPU = Release|Any CPU
	EndGlobalSection
	GlobalSection(ProjectConfigurationPlatforms) = postSolution
		{A0008BBC-F358-45EC-A53C-D5AF6E8C1456}.Debug|Any CPU.ActiveCfg = Debug|Any CPU
		{A0008BBC-F358-45EC-A53C-D5AF6E8C1456}.Debug|Any CPU.Build.0 = Debug|Any CPU
		{A0008BBC-F358-45EC-A53C-D5AF6E8C1456}.Release|Any CPU.ActiveCfg = Release|Any CPU
		{A0008BBC-F358-45EC-A53C-D5AF6E8C1456}.Release|Any CPU.Build.0 = Release|Any CPU
	EndGlobalSection
	GlobalSection(SolutionProperties) = preSolution
		HideSolutionNode = FALSE
	EndGlobalSection
	GlobalSection(ExtensibilityGlobals) = postSolution
		SolutionGuid = {29C16E47-891E-4B81-97E5-5546F3FEFFF3}
	EndGlobalSection
EndGlobal
