
Microsoft Visual Studio Solution File, Format Version 12.00
# Visual Studio Version 17
VisualStudioVersion = 17.14.36401.2 d17.14
MinimumVisualStudioVersion = 10.0.40219.1
Project("{FAE04EC0-301F-11D3-BF4B-00C04F79EFBC}") = "EF-CodeFirstApproach", "EF-CodeFirstApproach\EF-CodeFirstApproach.csproj", "{C39DF7C0-3F29-49BB-BE8E-F07FF9F7CB94}"
EndProject
Global
	GlobalSection(SolutionConfigurationPlatforms) = preSolution
		Debug|Any CPU = Debug|Any CPU
		Release|Any CPU = Release|Any CPU
	EndGlobalSection
	GlobalSection(ProjectConfigurationPlatforms) = postSolution
		{C39DF7C0-3F29-49BB-BE8E-F07FF9F7CB94}.Debug|Any CPU.ActiveCfg = Debug|Any CPU
		{C39DF7C0-3F29-49BB-BE8E-F07FF9F7CB94}.Debug|Any CPU.Build.0 = Debug|Any CPU
		{C39DF7C0-3F29-49BB-BE8E-F07FF9F7CB94}.Release|Any CPU.ActiveCfg = Release|Any CPU
		{C39DF7C0-3F29-49BB-BE8E-F07FF9F7CB94}.Release|Any CPU.Build.0 = Release|Any CPU
	EndGlobalSection
	GlobalSection(SolutionProperties) = preSolution
		HideSolutionNode = FALSE
	EndGlobalSection
	GlobalSection(ExtensibilityGlobals) = postSolution
		SolutionGuid = {CEC6D9BB-E35A-499A-99AC-B02B6B72566D}
	EndGlobalSection
EndGlobal
